{
  "originHash" : "26a5c9abe453a192ad6339f4db71c40652a31a33466b56586693bd3ae4a2d017",
  "pins" : [
    {
      "identity" : "afnetworking",
      "kind" : "remoteSourceControl",
      "location" : "https://github.com/AFNetworking/AFNetworking",
      "state" : {
        "revision" : "ffae2391ab0c29dc88eb0a58d2f5b2c2c27cadbf",
        "version" : "4.0.1"
      }
    },
    {
      "identity" : "jsonmodel",
      "kind" : "remoteSourceControl",
      "location" : "https://github.com/BoynerGroup/jsonmodel",
      "state" : {
        "branch" : "master",
        "revision" : "a2e6ef176af5ede85424d5214c8852095695b093"
      }
    },
    {
      "identity" : "openssl-package",
      "kind" : "remoteSourceControl",
      "location" : "https://github.com/krzyzanowskim/OpenSSL-Package.git",
      "state" : {
        "revision" : "b9eb055fdf73e595cb4b9f665d13dc85975bf80a",
        "version" : "3.3.2000"
      }
    }
  ],
  "version" : 3
}
