{
  "originHash" : "37b1da4d32f89f704ee75b3b72250b3a0a9c3b6a3a28c284492bb1eb682e5482",
  "pins" : [
    {
      "identity" : "afnetworking",
      "kind" : "remoteSourceControl",
      "location" : "https://github.com/AFNetworking/AFNetworking",
      "state" : {
        "revision" : "ffae2391ab0c29dc88eb0a58d2f5b2c2c27cadbf",
        "version" : "4.0.1"
      }
    },
    {
      "identity" : "jsonmodel",
      "kind" : "remoteSourceControl",
      "location" : "https://github.com/BoynerGroup/jsonmodel",
      "state" : {
        "revision" : "a2e6ef176af5ede85424d5214c8852095695b093",
        "version" : "1.8.1"
      }
    },
    {
      "identity" : "openssl-package",
      "kind" : "remoteSourceControl",
      "location" : "https://github.com/krzyzanowskim/OpenSSL-Package.git",
      "state" : {
        "revision" : "b9eb055fdf73e595cb4b9f665d13dc85975bf80a",
        "version" : "3.3.2000"
      }
    }
  ],
  "version" : 3
}
