{
  "originHash" : "4bf473823b6983b3630056f968aba0fa20c94d099ad64f04868004b45e350e15",
  "pins" : [
    {
      "identity" : "afnetworking",
      "kind" : "remoteSourceControl",
      "location" : "https://github.com/BoynerGroup/AFNetworking.git",
      "state" : {
        "revision" : "f09cda23199dec036cdbb19eaccbdbf4a9b7bb48",
        "version" : "4.0.2"
      }
    },
    {
      "identity" : "jsonmodel",
      "kind" : "remoteSourceControl",
      "location" : "https://github.com/BoynerGroup/jsonmodel",
      "state" : {
        "revision" : "a2e6ef176af5ede85424d5214c8852095695b093",
        "version" : "1.8.1"
      }
    },
    {
      "identity" : "openssl-package",
      "kind" : "remoteSourceControl",
      "location" : "https://github.com/krzyzanowskim/OpenSSL-Package.git",
      "state" : {
        "revision" : "b9eb055fdf73e595cb4b9f665d13dc85975bf80a",
        "version" : "3.3.2000"
      }
    }
  ],
  "version" : 3
}
